
Microsoft Visual Studio Solution File, Format Version 12.00
# Visual Studio Version 16
VisualStudioVersion = 16.0.30011.22
MinimumVisualStudioVersion = 10.0.40219.1
Project("{FAE04EC0-301F-11D3-BF4B-00C04F79EFBC}") = "Lavadero", "Lavadero\Lavadero.csproj", "{F299E7EA-E343-4A33-B525-50FE043B0E79}"
EndProject
Project("{FAE04EC0-301F-11D3-BF4B-00C04F79EFBC}") = "LavaderoCA", "LavaderoCA\LavaderoCA.csproj", "{762340F9-59A0-4A7B-A209-F3E6C012D6FF}"
EndProject
Global
	GlobalSection(SolutionConfigurationPlatforms) = preSolution
		Debug|Any CPU = Debug|Any CPU
		Release|Any CPU = Release|Any CPU
	EndGlobalSection
	GlobalSection(ProjectConfigurationPlatforms) = postSolution
		{F299E7EA-E343-4A33-B525-50FE043B0E79}.Debug|Any CPU.ActiveCfg = Debug|Any CPU
		{F299E7EA-E343-4A33-B525-50FE043B0E79}.Debug|Any CPU.Build.0 = Debug|Any CPU
		{F299E7EA-E343-4A33-B525-50FE043B0E79}.Release|Any CPU.ActiveCfg = Release|Any CPU
		{F299E7EA-E343-4A33-B525-50FE043B0E79}.Release|Any CPU.Build.0 = Release|Any CPU
		{762340F9-59A0-4A7B-A209-F3E6C012D6FF}.Debug|Any CPU.ActiveCfg = Debug|Any CPU
		{762340F9-59A0-4A7B-A209-F3E6C012D6FF}.Debug|Any CPU.Build.0 = Debug|Any CPU
		{762340F9-59A0-4A7B-A209-F3E6C012D6FF}.Release|Any CPU.ActiveCfg = Release|Any CPU
		{762340F9-59A0-4A7B-A209-F3E6C012D6FF}.Release|Any CPU.Build.0 = Release|Any CPU
	EndGlobalSection
	GlobalSection(SolutionProperties) = preSolution
		HideSolutionNode = FALSE
	EndGlobalSection
	GlobalSection(ExtensibilityGlobals) = postSolution
		SolutionGuid = {D7DBB402-938B-4F43-9832-E98FBDF7E04D}
	EndGlobalSection
EndGlobal
